<?xml version="1.0" encoding="utf-8"?>
<Project ToolsVersion="4.0" xmlns="http://schemas.microsoft.com/developer/msbuild/2003">
  <ItemGroup>
    <Filter Include="Source Files">
      <UniqueIdentifier>{4DB8D16C-8C8D-4EF1-A505-B01C59396B29}</UniqueIdentifier>
      <Extensions>cpp;c;cc;cxx</Extensions>
    </Filter>
    <Filter Include="Source Files\App">
      <UniqueIdentifier>{D1680765-8A0B-4E70-B1FB-9D3C26E2B5A2}</UniqueIdentifier>
    </Filter>
    <Filter Include="Source Files\Core">
      <UniqueIdentifier>{3A30126B-D86F-4487-8B32-D5998360BB94}</UniqueIdentifier>
    </Filter>
    <Filter Include="Source Files\Renderer">
      <UniqueIdentifier>{6B7962FC-4DE7-40B6-B9DB-A858A93E4D43}</UniqueIdentifier>
    </Filter>
    <Filter Include="Header Files">
      <UniqueIdentifier>{8F36E71E-643F-4816-8600-718AD02544C1}</UniqueIdentifier>
      <Extensions>h;hpp;hxx;inl</Extensions>
    </Filter>
    <Filter Include="Header Files\App">
      <UniqueIdentifier>{044D7494-785F-4B33-8EEE-45B63914DB80}</UniqueIdentifier>
    </Filter>
    <Filter Include="Header Files\Core">
      <UniqueIdentifier>{A17F6BC2-F86D-4F5C-A9CB-648693363D51}</UniqueIdentifier>
    </Filter>
    <Filter Include="Header Files\Renderer">
      <UniqueIdentifier>{32413086-974B-419B-80CF-D46811DC58CE}</UniqueIdentifier>
    </Filter>
    <Filter Include="Robot">
      <UniqueIdentifier>{5D6F1DF1-4663-47F4-B86C-C797E27209B8}</UniqueIdentifier>
    </Filter>
    <Filter Include="Assets">
      <UniqueIdentifier>{E7EE219E-F5DE-4D20-B62B-5484681B3A90}</UniqueIdentifier>
    </Filter>
    <Filter Include="Project Files">
      <UniqueIdentifier>{21BECA4D-AF24-45E9-999A-874642179E7C}</UniqueIdentifier>
    </Filter>
  </ItemGroup>
  <ItemGroup>
    <ClCompile Include="src\main.cpp">
      <Filter>Source Files</Filter>
    </ClCompile>
    <ClCompile Include="src\app\Application.cpp">
      <Filter>Source Files\App</Filter>
    </ClCompile>
    <ClCompile Include="src\core\Window.cpp">
      <Filter>Source Files\Core</Filter>
    </ClCompile>
    <ClCompile Include="src\renderer\VulkanContext.cpp">
      <Filter>Source Files\Renderer</Filter>
    </ClCompile>
    <ClCompile Include="src\renderer\Draw.cpp">
      <Filter>Source Files\Renderer</Filter>
    </ClCompile>
    <ClCompile Include="src\robot\Kinematics.cpp">
      <Filter>Robot</Filter>
    </ClCompile>
  </ItemGroup>
  <ItemGroup>
    <ClInclude Include="src\app\Application.hpp">
      <Filter>Header Files\App</Filter>
    </ClInclude>
    <ClInclude Include="src\core\Window.hpp">
      <Filter>Header Files\Core</Filter>
    </ClInclude>
    <ClInclude Include="src\renderer\VulkanContext.hpp">
      <Filter>Header Files\Renderer</Filter>
    </ClInclude>
    <ClInclude Include="src\renderer\Draw.hpp">
      <Filter>Header Files\Renderer</Filter>
    </ClInclude>
    <ClInclude Include="src\robot\Kinematics.hpp">
      <Filter>Robot</Filter>
    </ClInclude>
  </ItemGroup>
  <ItemGroup>
    <None Include="src\robot\README.md">
      <Filter>Robot</Filter>
    </None>
    <None Include="assets\shaders\README.md">
      <Filter>Assets</Filter>
    </None>
    <None Include="README.md">
      <Filter>Project Files</Filter>
    </None>
    <None Include="CMakeLists.txt">
      <Filter>Project Files</Filter>
    </None>
  </ItemGroup>
</Project>